
Microsoft Visual Studio Solution File, Format Version 12.00
# Visual Studio Version 16
VisualStudioVersion = 16.0.31605.320
MinimumVisualStudioVersion = 10.0.40219.1
Project("{FAE04EC0-301F-11D3-BF4B-00C04F79EFBC}") = "HelloWorld", "HelloWorld\HelloWorld.csproj", "{1DEF8CC1-3002-4DF3-A65A-F51C34D2D809}"
EndProject
Global
	GlobalSection(SolutionConfigurationPlatforms) = preSolution
		Debug|Any CPU = Debug|Any CPU
		Release|Any CPU = Release|Any CPU
	EndGlobalSection
	GlobalSection(ProjectConfigurationPlatforms) = postSolution
		{1DEF8CC1-3002-4DF3-A65A-F51C34D2D809}.Debug|Any CPU.ActiveCfg = Debug|Any CPU
		{1DEF8CC1-3002-4DF3-A65A-F51C34D2D809}.Debug|Any CPU.Build.0 = Debug|Any CPU
		{1DEF8CC1-3002-4DF3-A65A-F51C34D2D809}.Release|Any CPU.ActiveCfg = Release|Any CPU
		{1DEF8CC1-3002-4DF3-A65A-F51C34D2D809}.Release|Any CPU.Build.0 = Release|Any CPU
	EndGlobalSection
	GlobalSection(SolutionProperties) = preSolution
		HideSolutionNode = FALSE
	EndGlobalSection
	GlobalSection(ExtensibilityGlobals) = postSolution
		SolutionGuid = {9AEA535B-D1FA-4D1B-912D-C09D31364790}
	EndGlobalSection
EndGlobal
